// !$*UTF8*$!
{
	archiveVersion = 1;
	classes = {
	};
	objectVersion = 50;
	objects = {

/* Begin PBXBuildFile section */
		2A06E81B26696C5500420532 /* CustomTableViewCell.swift in Sources */ = {isa = PBXBuildFile; fileRef = 2A06E81A26696C5500420532 /* CustomTableViewCell.swift */; };
		2AD65A4626680F5A001BEB0C /* AppDelegate.swift in Sources */ = {isa = PBXBuildFile; fileRef = 2AD65A4526680F5A001BEB0C /* AppDelegate.swift */; };
		2AD65A4826680F5A001BEB0C /* SceneDelegate.swift in Sources */ = {isa = PBXBuildFile; fileRef = 2AD65A4726680F5A001BEB0C /* SceneDelegate.swift */; };
		2AD65A4A26680F5A001BEB0C /*  .swift in Sources */ = {isa = PBXBuildFile; fileRef = 2AD65A4926680F5A001BEB0C /*  .swift */; };
		2AD65A4D26680F5A001BEB0C /* Main.storyboard in Resources */ = {isa = PBXBuildFile; fileRef = 2AD65A4B26680F5A001BEB0C /* Main.storyboard */; };
		2AD65A4F26680F6F001BEB0C /* Assets.xcassets in Resources */ = {isa = PBXBuildFile; fileRef = 2AD65A4E26680F6F001BEB0C /* Assets.xcassets */; };
		2AD65A5226680F6F001BEB0C /* LaunchScreen.storyboard in Resources */ = {isa = PBXBuildFile; fileRef = 2AD65A5026680F6F001BEB0C /* LaunchScreen.storyboard */; };
/* End PBXBuildFile section */

/* Begin PBXFileReference section */
		2A06E81A26696C5500420532 /* CustomTableViewCell.swift */ = {isa = PBXFileReference; lastKnownFileType = sourcecode.swift; path = CustomTableViewCell.swift; sourceTree = "<group>"; };
		2AD65A4226680F5A001BEB0C /* Costs.app */ = {isa = PBXFileReference; explicitFileType = wrapper.application; includeInIndex = 0; path = Costs.app; sourceTree = BUILT_PRODUCTS_DIR; };
		2AD65A4526680F5A001BEB0C /* AppDelegate.swift */ = {isa = PBXFileReference; lastKnownFileType = sourcecode.swift; path = AppDelegate.swift; sourceTree = "<group>"; };
		2AD65A4726680F5A001BEB0C /* SceneDelegate.swift */ = {isa = PBXFileReference; lastKnownFileType = sourcecode.swift; path = SceneDelegate.swift; sourceTree = "<group>"; };
		2AD65A4926680F5A001BEB0C /*  .swift */ = {isa = PBXFileReference; lastKnownFileType = sourcecode.swift; path = " .swift"; sourceTree = "<group>"; };
		2AD65A4C26680F5A001BEB0C /* Base */ = {isa = PBXFileReference; lastKnownFileType = file.storyboard; name = Base; path = Base.lproj/Main.storyboard; sourceTree = "<group>"; };
		2AD65A4E26680F6F001BEB0C /* Assets.xcassets */ = {isa = PBXFileReference; lastKnownFileType = folder.assetcatalog; path = Assets.xcassets; sourceTree = "<group>"; };
		2AD65A5126680F6F001BEB0C /* Base */ = {isa = PBXFileReference; lastKnownFileType = file.storyboard; name = Base; path = Base.lproj/LaunchScreen.storyboard; sourceTree = "<group>"; };
		2AD65A5326680F6F001BEB0C /* Info.plist */ = {isa = PBXFileReference; lastKnownFileType = text.plist.xml; path = Info.plist; sourceTree = "<group>"; };
/* End PBXFileReference section */

/* Begin PBXFrameworksBuildPhase section */
		2AD65A3F26680F5A001BEB0C /* Frameworks */ = {
			isa = PBXFrameworksBuildPhase;
			buildActionMask = 2147483647;
			files = (
			);
			runOnlyForDeploymentPostprocessing = 0;
		};
/* End PBXFrameworksBuildPhase section */

/* Begin PBXGroup section */
		2AD65A3926680F59001BEB0C = {
			isa = PBXGroup;
			children = (
				2AD65A4426680F5A001BEB0C /* Costs */,
				2AD65A4326680F5A001BEB0C /* Products */,
			);
			sourceTree = "<group>";
		};
		2AD65A4326680F5A001BEB0C /* Products */ = {
			isa = PBXGroup;
			children = (
				2AD65A4226680F5A001BEB0C /* Costs.app */,
			);
			name = Products;
			sourceTree = "<group>";
		};
		2AD65A4426680F5A001BEB0C /* Costs */ = {
			isa = PBXGroup;
			children = (
				2AD65A4526680F5A001BEB0C /* AppDelegate.swift */,
				2AD65A4726680F5A001BEB0C /* SceneDelegate.swift */,
				2AD65A4926680F5A001BEB0C /*  .swift */,
				2A06E81A26696C5500420532 /* CustomTableViewCell.swift */,
				2AD65A4B26680F5A001BEB0C /* Main.storyboard */,
				2AD65A4E26680F6F001BEB0C /* Assets.xcassets */,
				2AD65A5026680F6F001BEB0C /* LaunchScreen.storyboard */,
				2AD65A5326680F6F001BEB0C /* Info.plist */,
			);
			path = Costs;
			sourceTree = "<group>";
		};
/* End PBXGroup section */

/* Begin PBXNativeTarget section */
		2AD65A4126680F5A001BEB0C /* Costs */ = {
			isa = PBXNativeTarget;
			buildConfigurationList = 2AD65A5626680F6F001BEB0C /* Build configuration list for PBXNativeTarget "Costs" */;
			buildPhases = (
				2AD65A3E26680F5A001BEB0C /* Sources */,
				2AD65A3F26680F5A001BEB0C /* Frameworks */,
				2AD65A4026680F5A001BEB0C /* Resources */,
			);
			buildRules = (
			);
			dependencies = (
			);
			name = Costs;
			productName = Costs;
			productReference = 2AD65A4226680F5A001BEB0C /* Costs.app */;
			productType = "com.apple.product-type.application";
		};
/* End PBXNativeTarget section */

/* Begin PBXProject section */
		2AD65A3A26680F59001BEB0C /* Project object */ = {
			isa = PBXProject;
			attributes = {
				LastSwiftUpdateCheck = 1160;
				LastUpgradeCheck = 1160;
				ORGANIZATIONNAME = Valera;
				TargetAttributes = {
					2AD65A4126680F5A001BEB0C = {
						CreatedOnToolsVersion = 11.6;
					};
				};
			};
			buildConfigurationList = 2AD65A3D26680F59001BEB0C /* Build configuration list for PBXProject "Costs" */;
			compatibilityVersion = "Xcode 9.3";
			developmentRegion = en;
			hasScannedForEncodings = 0;
			knownRegions = (
				en,
				Base,
			);
			mainGroup = 2AD65A3926680F59001BEB0C;
			productRefGroup = 2AD65A4326680F5A001BEB0C /* Products */;
			projectDirPath = "";
			projectRoot = "";
			targets = (
				2AD65A4126680F5A001BEB0C /* Costs */,
			);
		};
/* End PBXProject section */

/* Begin PBXResourcesBuildPhase section */
		2AD65A4026680F5A001BEB0C /* Resources */ = {
			isa = PBXResourcesBuildPhase;
			buildActionMask = 2147483647;
			files = (
				2AD65A5226680F6F001BEB0C /* LaunchScreen.storyboard in Resources */,
				2AD65A4F26680F6F001BEB0C /* Assets.xcassets in Resources */,
				2AD65A4D26680F5A001BEB0C /* Main.storyboard in Resources */,
			);
			runOnlyForDeploymentPostprocessing = 0;
		};
/* End PBXResourcesBuildPhase section */

/* Begin PBXSourcesBuildPhase section */
		2AD65A3E26680F5A001BEB0C /* Sources */ = {
			isa = PBXSourcesBuildPhase;
			buildActionMask = 2147483647;
			files = (
				2AD65A4A26680F5A001BEB0C /*  .swift in Sources */,
				2AD65A4626680F5A001BEB0C /* AppDelegate.swift in Sources */,
				2A06E81B26696C5500420532 /* CustomTableViewCell.swift in Sources */,
				2AD65A4826680F5A001BEB0C /* SceneDelegate.swift in Sources */,
			);
			runOnlyForDeploymentPostprocessing = 0;
		};
/* End PBXSourcesBuildPhase section */

/* Begin PBXVariantGroup section */
		2AD65A4B26680F5A001BEB0C /* Main.storyboard */ = {
			isa = PBXVariantGroup;
			children = (
				2AD65A4C26680F5A001BEB0C /* Base */,
			);
			name = Main.storyboard;
			sourceTree = "<group>";
		};
		2AD65A5026680F6F001BEB0C /* LaunchScreen.storyboard */ = {
			isa = PBXVariantGroup;
			children = (
				2AD65A5126680F6F001BEB0C /* Base */,
			);
			name = LaunchScreen.storyboard;
			sourceTree = "<group>";
		};
/* End PBXVariantGroup section */

/* Begin XCBuildConfiguration section */
		2AD65A5426680F6F001BEB0C /* Debug */ = {
			isa = XCBuildConfiguration;
			buildSettings = {
				ALWAYS_SEARCH_USER_PATHS = NO;
				CLANG_ANALYZER_NONNULL = YES;
				CLANG_ANALYZER_NUMBER_OBJECT_CONVERSION = YES_AGGRESSIVE;
				CLANG_CXX_LANGUAGE_STANDARD = "gnu++14";
				CLANG_CXX_LIBRARY = "libc++";
				CLANG_ENABLE_MODULES = YES;
				CLANG_ENABLE_OBJC_ARC = YES;
				CLANG_ENABLE_OBJC_WEAK = YES;
				CLANG_WARN_BLOCK_CAPTURE_AUTORELEASING = YES;
				CLANG_WARN_BOOL_CONVERSION = YES;
				CLANG_WARN_COMMA = YES;
				CLANG_WARN_CONSTANT_CONVERSION = YES;
				CLANG_WARN_DEPRECATED_OBJC_IMPLEMENTATIONS = YES;
				CLANG_WARN_DIRECT_OBJC_ISA_USAGE = YES_ERROR;
				CLANG_WARN_DOCUMENTATION_COMMENTS = YES;
				CLANG_WARN_EMPTY_BODY = YES;
				CLANG_WARN_ENUM_CONVERSION = YES;
				CLANG_WARN_INFINITE_RECURSION = YES;
				CLANG_WARN_INT_CONVERSION = YES;
				CLANG_WARN_NON_LITERAL_NULL_CONVERSION = YES;
				CLANG_WARN_OBJC_IMPLICIT_RETAIN_SELF = YES;
				CLANG_WARN_OBJC_LITERAL_CONVERSION = YES;
				CLANG_WARN_OBJC_ROOT_CLASS = YES_ERROR;
				CLANG_WARN_RANGE_LOOP_ANALYSIS = YES;
				CLANG_WARN_STRICT_PROTOTYPES = YES;
				CLANG_WARN_SUSPICIOUS_MOVE = YES;
				CLANG_WARN_UNGUARDED_AVAILABILITY = YES_AGGRESSIVE;
				CLANG_WARN_UNREACHABLE_CODE = YES;
				CLANG_WARN__DUPLICATE_METHOD_MATCH = YES;
				COPY_PHASE_STRIP = NO;
				DEBUG_INFORMATION_FORMAT = dwarf;
				ENABLE_STRICT_OBJC_MSGSEND = YES;
				ENABLE_TESTABILITY = YES;
				GCC_C_LANGUAGE_STANDARD = gnu11;
				GCC_DYNAMIC_NO_PIC = NO;
				GCC_NO_COMMON_BLOCKS = YES;
				GCC_OPTIMIZATION_LEVEL = 0;
				GCC_PREPROCESSOR_DEFINITIONS = (
					"DEBUG=1",
					"$(inherited)",
				);
				GCC_WARN_64_TO_32_BIT_CONVERSION = YES;
				GCC_WARN_ABOUT_RETURN_TYPE = YES_ERROR;
				GCC_WARN_UNDECLARED_SELECTOR = YES;
				GCC_WARN_UNINITIALIZED_AUTOS = YES_AGGRESSIVE;
				GCC_WARN_UNUSED_FUNCTION = YES;
				GCC_WARN_UNUSED_VARIABLE = YES;
				IPHONEOS_DEPLOYMENT_TARGET = 13.6;
				MTL_ENABLE_DEBUG_INFO = INCLUDE_SOURCE;
				MTL_FAST_MATH = YES;
				ONLY_ACTIVE_ARCH = YES;
				SDKROOT = iphoneos;
				SWIFT_ACTIVE_COMPILATION_CONDITIONS = DEBUG;
				SWIFT_OPTIMIZATION_LEVEL = "-Onone";
			};
			name = Debug;
		};
		2AD65A5526680F6F001BEB0C /* Release */ = {
			isa = XCBuildConfiguration;
			buildSettings = {
				ALWAYS_SEARCH_USER_PATHS = NO;
				CLANG_ANALYZER_NONNULL = YES;
				CLANG_ANALYZER_NUMBER_OBJECT_CONVERSION = YES_AGGRESSIVE;
				CLANG_CXX_LANGUAGE_STANDARD = "gnu++14";
				CLANG_CXX_LIBRARY = "libc++";
				CLANG_ENABLE_MODULES = YES;
				CLANG_ENABLE_OBJC_ARC = YES;
				CLANG_ENABLE_OBJC_WEAK = YES;
				CLANG_WARN_BLOCK_CAPTURE_AUTORELEASING = YES;
				CLANG_WARN_BOOL_CONVERSION = YES;
				CLANG_WARN_COMMA = YES;
				CLANG_WARN_CONSTANT_CONVERSION = YES;
				CLANG_WARN_DEPRECATED_OBJC_IMPLEMENTATIONS = YES;
				CLANG_WARN_DIRECT_OBJC_ISA_USAGE = YES_ERROR;
				CLANG_WARN_DOCUMENTATION_COMMENTS = YES;
				CLANG_WARN_EMPTY_BODY = YES;
				CLANG_WARN_ENUM_CONVERSION = YES;
				CLANG_WARN_INFINITE_RECURSION = YES;
				CLANG_WARN_INT_CONVERSION = YES;
				CLANG_WARN_NON_LITERAL_NULL_CONVERSION = YES;
				CLANG_WARN_OBJC_IMPLICIT_RETAIN_SELF = YES;
				CLANG_WARN_OBJC_LITERAL_CONVERSION = YES;
				CLANG_WARN_OBJC_ROOT_CLASS = YES_ERROR;
				CLANG_WARN_RANGE_LOOP_ANALYSIS = YES;
				CLANG_WARN_STRICT_PROTOTYPES = YES;
				CLANG_WARN_SUSPICIOUS_MOVE = YES;
				CLANG_WARN_UNGUARDED_AVAILABILITY = YES_AGGRESSIVE;
				CLANG_WARN_UNREACHABLE_CODE = YES;
				CLANG_WARN__DUPLICATE_METHOD_MATCH = YES;
				COPY_PHASE_STRIP = NO;
				DEBUG_INFORMATION_FORMAT = "dwarf-with-dsym";
				ENABLE_NS_ASSERTIONS = NO;
				ENABLE_STRICT_OBJC_MSGSEND = YES;
				GCC_C_LANGUAGE_STANDARD = gnu11;
				GCC_NO_COMMON_BLOCKS = YES;
				GCC_WARN_64_TO_32_BIT_CONVERSION = YES;
				GCC_WARN_ABOUT_RETURN_TYPE = YES_ERROR;
				GCC_WARN_UNDECLARED_SELECTOR = YES;
				GCC_WARN_UNINITIALIZED_AUTOS = YES_AGGRESSIVE;
				GCC_WARN_UNUSED_FUNCTION = YES;
				GCC_WARN_UNUSED_VARIABLE = YES;
				IPHONEOS_DEPLOYMENT_TARGET = 13.6;
				MTL_ENABLE_DEBUG_INFO = NO;
				MTL_FAST_MATH = YES;
				SDKROOT = iphoneos;
				SWIFT_COMPILATION_MODE = wholemodule;
				SWIFT_OPTIMIZATION_LEVEL = "-O";
				VALIDATE_PRODUCT = YES;
			};
			name = Release;
		};
		2AD65A5726680F6F001BEB0C /* Debug */ = {
			isa = XCBuildConfiguration;
			buildSettings = {
				ASSETCATALOG_COMPILER_APPICON_NAME = AppIcon;
				CODE_SIGN_STYLE = Automatic;
				DEVELOPMENT_TEAM = UB257NX2VL;
				INFOPLIST_FILE = Costs/Info.plist;
				LD_RUNPATH_SEARCH_PATHS = (
					"$(inherited)",
					"@executable_path/Frameworks",
				);
				PRODUCT_BUNDLE_IDENTIFIER = com.ValeraRadionov.Costs;
				PRODUCT_NAME = "$(TARGET_NAME)";
				SWIFT_VERSION = 5.0;
				TARGETED_DEVICE_FAMILY = "1,2";
			};
			name = Debug;
		};
		2AD65A5826680F6F001BEB0C /* Release */ = {
			isa = XCBuildConfiguration;
			buildSettings = {
				ASSETCATALOG_COMPILER_APPICON_NAME = AppIcon;
				CODE_SIGN_STYLE = Automatic;
				DEVELOPMENT_TEAM = UB257NX2VL;
				INFOPLIST_FILE = Costs/Info.plist;
				LD_RUNPATH_SEARCH_PATHS = (
					"$(inherited)",
					"@executable_path/Frameworks",
				);
				PRODUCT_BUNDLE_IDENTIFIER = com.ValeraRadionov.Costs;
				PRODUCT_NAME = "$(TARGET_NAME)";
				SWIFT_VERSION = 5.0;
				TARGETED_DEVICE_FAMILY = "1,2";
			};
			name = Release;
		};
/* End XCBuildConfiguration section */

/* Begin XCConfigurationList section */
		2AD65A3D26680F59001BEB0C /* Build configuration list for PBXProject "Costs" */ = {
			isa = XCConfigurationList;
			buildConfigurations = (
				2AD65A5426680F6F001BEB0C /* Debug */,
				2AD65A5526680F6F001BEB0C /* Release */,
			);
			defaultConfigurationIsVisible = 0;
			defaultConfigurationName = Release;
		};
		2AD65A5626680F6F001BEB0C /* Build configuration list for PBXNativeTarget "Costs" */ = {
			isa = XCConfigurationList;
			buildConfigurations = (
				2AD65A5726680F6F001BEB0C /* Debug */,
				2AD65A5826680F6F001BEB0C /* Release */,
			);
			defaultConfigurationIsVisible = 0;
			defaultConfigurationName = Release;
		};
/* End XCConfigurationList section */
	};
	rootObject = 2AD65A3A26680F59001BEB0C /* Project object */;
}
